// !$*UTF8*$!
{
	archiveVersion = 1;
	classes = {
	};
	objectVersion = 46;
	objects = {

/* Begin PBXBuildFile section */
		2673A2ED19EA60F80035B51C /* AppDelegate.swift in Sources */ = {isa = PBXBuildFile; fileRef = 2673A2EC19EA60F80035B51C /* AppDelegate.swift */; };
		2673A2EF19EA60F80035B51C /* ViewController.swift in Sources */ = {isa = PBXBuildFile; fileRef = 2673A2EE19EA60F80035B51C /* ViewController.swift */; };
		2673A2F219EA60F80035B51C /* Main.storyboard in Resources */ = {isa = PBXBuildFile; fileRef = 2673A2F019EA60F80035B51C /* Main.storyboard */; };
		2673A2F419EA60F80035B51C /* Images.xcassets in Resources */ = {isa = PBXBuildFile; fileRef = 2673A2F319EA60F80035B51C /* Images.xcassets */; };
		2673A2F719EA60F80035B51C /* LaunchScreen.xib in Resources */ = {isa = PBXBuildFile; fileRef = 2673A2F519EA60F80035B51C /* LaunchScreen.xib */; };
		2673A30319EA60F80035B51C /* _9BalloonsTests.swift in Sources */ = {isa = PBXBuildFile; fileRef = 2673A30219EA60F80035B51C /* _9BalloonsTests.swift */; };
		2673A31619EA66120035B51C /* balloons5.jpg in Resources */ = {isa = PBXBuildFile; fileRef = 2673A30C19EA66120035B51C /* balloons5.jpg */; };
		2673A31719EA66120035B51C /* balloons6.jpg in Resources */ = {isa = PBXBuildFile; fileRef = 2673A30D19EA66120035B51C /* balloons6.jpg */; };
		2673A31819EA66120035B51C /* balloons7.jpg in Resources */ = {isa = PBXBuildFile; fileRef = 2673A30E19EA66120035B51C /* balloons7.jpg */; };
		2673A31919EA66120035B51C /* balloons8.jpg in Resources */ = {isa = PBXBuildFile; fileRef = 2673A30F19EA66120035B51C /* balloons8.jpg */; };
		2673A31A19EA66120035B51C /* balloons9.jpg in Resources */ = {isa = PBXBuildFile; fileRef = 2673A31019EA66120035B51C /* balloons9.jpg */; };
		2673A31B19EA66120035B51C /* balloons10.jpg in Resources */ = {isa = PBXBuildFile; fileRef = 2673A31119EA66120035B51C /* balloons10.jpg */; };
		2673A31C19EA66120035B51C /* balloons1.jpeg in Resources */ = {isa = PBXBuildFile; fileRef = 2673A31219EA66120035B51C /* balloons1.jpeg */; };
		2673A31D19EA66120035B51C /* balloons2.jpeg in Resources */ = {isa = PBXBuildFile; fileRef = 2673A31319EA66120035B51C /* balloons2.jpeg */; };
		2673A31E19EA66120035B51C /* balloons3.jpeg in Resources */ = {isa = PBXBuildFile; fileRef = 2673A31419EA66120035B51C /* balloons3.jpeg */; };
		2673A31F19EA66120035B51C /* balloons4.jpeg in Resources */ = {isa = PBXBuildFile; fileRef = 2673A31519EA66120035B51C /* balloons4.jpeg */; };
		2673A32219EA699A0035B51C /* Balloons.swift in Sources */ = {isa = PBXBuildFile; fileRef = 2673A32119EA699A0035B51C /* Balloons.swift */; };
/* End PBXBuildFile section */

/* Begin PBXContainerItemProxy section */
		2673A2FD19EA60F80035B51C /* PBXContainerItemProxy */ = {
			isa = PBXContainerItemProxy;
			containerPortal = 2673A2DF19EA60F80035B51C /* Project object */;
			proxyType = 1;
			remoteGlobalIDString = 2673A2E619EA60F80035B51C;
			remoteInfo = 99Balloons;
		};
/* End PBXContainerItemProxy section */

/* Begin PBXFileReference section */
		2673A2E719EA60F80035B51C /* 99Balloons.app */ = {isa = PBXFileReference; explicitFileType = wrapper.application; includeInIndex = 0; path = 99Balloons.app; sourceTree = BUILT_PRODUCTS_DIR; };
		2673A2EB19EA60F80035B51C /* Info.plist */ = {isa = PBXFileReference; lastKnownFileType = text.plist.xml; path = Info.plist; sourceTree = "<group>"; };
		2673A2EC19EA60F80035B51C /* AppDelegate.swift */ = {isa = PBXFileReference; lastKnownFileType = sourcecode.swift; path = AppDelegate.swift; sourceTree = "<group>"; };
		2673A2EE19EA60F80035B51C /* ViewController.swift */ = {isa = PBXFileReference; lastKnownFileType = sourcecode.swift; path = ViewController.swift; sourceTree = "<group>"; };
		2673A2F119EA60F80035B51C /* Base */ = {isa = PBXFileReference; lastKnownFileType = file.storyboard; name = Base; path = Base.lproj/Main.storyboard; sourceTree = "<group>"; };
		2673A2F319EA60F80035B51C /* Images.xcassets */ = {isa = PBXFileReference; lastKnownFileType = folder.assetcatalog; path = Images.xcassets; sourceTree = "<group>"; };
		2673A2F619EA60F80035B51C /* Base */ = {isa = PBXFileReference; lastKnownFileType = file.xib; name = Base; path = Base.lproj/LaunchScreen.xib; sourceTree = "<group>"; };
		2673A2FC19EA60F80035B51C /* 99BalloonsTests.xctest */ = {isa = PBXFileReference; explicitFileType = wrapper.cfbundle; includeInIndex = 0; path = 99BalloonsTests.xctest; sourceTree = BUILT_PRODUCTS_DIR; };
		2673A30119EA60F80035B51C /* Info.plist */ = {isa = PBXFileReference; lastKnownFileType = text.plist.xml; path = Info.plist; sourceTree = "<group>"; };
		2673A30219EA60F80035B51C /* _9BalloonsTests.swift */ = {isa = PBXFileReference; lastKnownFileType = sourcecode.swift; path = _9BalloonsTests.swift; sourceTree = "<group>"; };
		2673A30C19EA66120035B51C /* balloons5.jpg */ = {isa = PBXFileReference; lastKnownFileType = image.jpeg; path = balloons5.jpg; sourceTree = "<group>"; };
		2673A30D19EA66120035B51C /* balloons6.jpg */ = {isa = PBXFileReference; lastKnownFileType = image.jpeg; path = balloons6.jpg; sourceTree = "<group>"; };
		2673A30E19EA66120035B51C /* balloons7.jpg */ = {isa = PBXFileReference; lastKnownFileType = image.jpeg; path = balloons7.jpg; sourceTree = "<group>"; };
		2673A30F19EA66120035B51C /* balloons8.jpg */ = {isa = PBXFileReference; lastKnownFileType = image.jpeg; path = balloons8.jpg; sourceTree = "<group>"; };
		2673A31019EA66120035B51C /* balloons9.jpg */ = {isa = PBXFileReference; lastKnownFileType = image.jpeg; path = balloons9.jpg; sourceTree = "<group>"; };
		2673A31119EA66120035B51C /* balloons10.jpg */ = {isa = PBXFileReference; lastKnownFileType = image.jpeg; path = balloons10.jpg; sourceTree = "<group>"; };
		2673A31219EA66120035B51C /* balloons1.jpeg */ = {isa = PBXFileReference; lastKnownFileType = image.jpeg; path = balloons1.jpeg; sourceTree = "<group>"; };
		2673A31319EA66120035B51C /* balloons2.jpeg */ = {isa = PBXFileReference; lastKnownFileType = image.jpeg; path = balloons2.jpeg; sourceTree = "<group>"; };
		2673A31419EA66120035B51C /* balloons3.jpeg */ = {isa = PBXFileReference; lastKnownFileType = image.jpeg; path = balloons3.jpeg; sourceTree = "<group>"; };
		2673A31519EA66120035B51C /* balloons4.jpeg */ = {isa = PBXFileReference; lastKnownFileType = image.jpeg; path = balloons4.jpeg; sourceTree = "<group>"; };
		2673A32119EA699A0035B51C /* Balloons.swift */ = {isa = PBXFileReference; fileEncoding = 4; lastKnownFileType = sourcecode.swift; path = Balloons.swift; sourceTree = "<group>"; };
/* End PBXFileReference section */

/* Begin PBXFrameworksBuildPhase section */
		2673A2E419EA60F80035B51C /* Frameworks */ = {
			isa = PBXFrameworksBuildPhase;
			buildActionMask = 2147483647;
			files = (
			);
			runOnlyForDeploymentPostprocessing = 0;
		};
		2673A2F919EA60F80035B51C /* Frameworks */ = {
			isa = PBXFrameworksBuildPhase;
			buildActionMask = 2147483647;
			files = (
			);
			runOnlyForDeploymentPostprocessing = 0;
		};
/* End PBXFrameworksBuildPhase section */

/* Begin PBXGroup section */
		2673A2DE19EA60F80035B51C = {
			isa = PBXGroup;
			children = (
				2673A2E919EA60F80035B51C /* 99Balloons */,
				2673A2FF19EA60F80035B51C /* 99BalloonsTests */,
				2673A2E819EA60F80035B51C /* Products */,
			);
			sourceTree = "<group>";
		};
		2673A2E819EA60F80035B51C /* Products */ = {
			isa = PBXGroup;
			children = (
				2673A2E719EA60F80035B51C /* 99Balloons.app */,
				2673A2FC19EA60F80035B51C /* 99BalloonsTests.xctest */,
			);
			name = Products;
			sourceTree = "<group>";
		};
		2673A2E919EA60F80035B51C /* 99Balloons */ = {
			isa = PBXGroup;
			children = (
				2673A2EC19EA60F80035B51C /* AppDelegate.swift */,
				2673A2EE19EA60F80035B51C /* ViewController.swift */,
				2673A32019EA69570035B51C /* model */,
				2673A2F019EA60F80035B51C /* Main.storyboard */,
				2673A2F319EA60F80035B51C /* Images.xcassets */,
				2673A2F519EA60F80035B51C /* LaunchScreen.xib */,
				2673A2EA19EA60F80035B51C /* Supporting Files */,
			);
			path = 99Balloons;
			sourceTree = "<group>";
		};
		2673A2EA19EA60F80035B51C /* Supporting Files */ = {
			isa = PBXGroup;
			children = (
				2673A30C19EA66120035B51C /* balloons5.jpg */,
				2673A30D19EA66120035B51C /* balloons6.jpg */,
				2673A30E19EA66120035B51C /* balloons7.jpg */,
				2673A30F19EA66120035B51C /* balloons8.jpg */,
				2673A31019EA66120035B51C /* balloons9.jpg */,
				2673A31119EA66120035B51C /* balloons10.jpg */,
				2673A31219EA66120035B51C /* balloons1.jpeg */,
				2673A31319EA66120035B51C /* balloons2.jpeg */,
				2673A31419EA66120035B51C /* balloons3.jpeg */,
				2673A31519EA66120035B51C /* balloons4.jpeg */,
				2673A2EB19EA60F80035B51C /* Info.plist */,
			);
			name = "Supporting Files";
			sourceTree = "<group>";
		};
		2673A2FF19EA60F80035B51C /* 99BalloonsTests */ = {
			isa = PBXGroup;
			children = (
				2673A30219EA60F80035B51C /* _9BalloonsTests.swift */,
				2673A30019EA60F80035B51C /* Supporting Files */,
			);
			path = 99BalloonsTests;
			sourceTree = "<group>";
		};
		2673A30019EA60F80035B51C /* Supporting Files */ = {
			isa = PBXGroup;
			children = (
				2673A30119EA60F80035B51C /* Info.plist */,
			);
			name = "Supporting Files";
			sourceTree = "<group>";
		};
		2673A32019EA69570035B51C /* model */ = {
			isa = PBXGroup;
			children = (
				2673A32119EA699A0035B51C /* Balloons.swift */,
			);
			name = model;
			sourceTree = "<group>";
		};
/* End PBXGroup section */

/* Begin PBXNativeTarget section */
		2673A2E619EA60F80035B51C /* 99Balloons */ = {
			isa = PBXNativeTarget;
			buildConfigurationList = 2673A30619EA60F80035B51C /* Build configuration list for PBXNativeTarget "99Balloons" */;
			buildPhases = (
				2673A2E319EA60F80035B51C /* Sources */,
				2673A2E419EA60F80035B51C /* Frameworks */,
				2673A2E519EA60F80035B51C /* Resources */,
			);
			buildRules = (
			);
			dependencies = (
			);
			name = 99Balloons;
			productName = 99Balloons;
			productReference = 2673A2E719EA60F80035B51C /* 99Balloons.app */;
			productType = "com.apple.product-type.application";
		};
		2673A2FB19EA60F80035B51C /* 99BalloonsTests */ = {
			isa = PBXNativeTarget;
			buildConfigurationList = 2673A30919EA60F80035B51C /* Build configuration list for PBXNativeTarget "99BalloonsTests" */;
			buildPhases = (
				2673A2F819EA60F80035B51C /* Sources */,
				2673A2F919EA60F80035B51C /* Frameworks */,
				2673A2FA19EA60F80035B51C /* Resources */,
			);
			buildRules = (
			);
			dependencies = (
				2673A2FE19EA60F80035B51C /* PBXTargetDependency */,
			);
			name = 99BalloonsTests;
			productName = 99BalloonsTests;
			productReference = 2673A2FC19EA60F80035B51C /* 99BalloonsTests.xctest */;
			productType = "com.apple.product-type.bundle.unit-test";
		};
/* End PBXNativeTarget section */

/* Begin PBXProject section */
		2673A2DF19EA60F80035B51C /* Project object */ = {
			isa = PBXProject;
			attributes = {
				LastUpgradeCheck = 0600;
				ORGANIZATIONNAME = "Clint Greive";
				TargetAttributes = {
					2673A2E619EA60F80035B51C = {
						CreatedOnToolsVersion = 6.0.1;
					};
					2673A2FB19EA60F80035B51C = {
						CreatedOnToolsVersion = 6.0.1;
						TestTargetID = 2673A2E619EA60F80035B51C;
					};
				};
			};
			buildConfigurationList = 2673A2E219EA60F80035B51C /* Build configuration list for PBXProject "99Balloons" */;
			compatibilityVersion = "Xcode 3.2";
			developmentRegion = English;
			hasScannedForEncodings = 0;
			knownRegions = (
				en,
				Base,
			);
			mainGroup = 2673A2DE19EA60F80035B51C;
			productRefGroup = 2673A2E819EA60F80035B51C /* Products */;
			projectDirPath = "";
			projectRoot = "";
			targets = (
				2673A2E619EA60F80035B51C /* 99Balloons */,
				2673A2FB19EA60F80035B51C /* 99BalloonsTests */,
			);
		};
/* End PBXProject section */

/* Begin PBXResourcesBuildPhase section */
		2673A2E519EA60F80035B51C /* Resources */ = {
			isa = PBXResourcesBuildPhase;
			buildActionMask = 2147483647;
			files = (
				2673A2F219EA60F80035B51C /* Main.storyboard in Resources */,
				2673A2F719EA60F80035B51C /* LaunchScreen.xib in Resources */,
				2673A31F19EA66120035B51C /* balloons4.jpeg in Resources */,
				2673A31719EA66120035B51C /* balloons6.jpg in Resources */,
				2673A31D19EA66120035B51C /* balloons2.jpeg in Resources */,
				2673A31919EA66120035B51C /* balloons8.jpg in Resources */,
				2673A31819EA66120035B51C /* balloons7.jpg in Resources */,
				2673A31B19EA66120035B51C /* balloons10.jpg in Resources */,
				2673A31E19EA66120035B51C /* balloons3.jpeg in Resources */,
				2673A2F419EA60F80035B51C /* Images.xcassets in Resources */,
				2673A31C19EA66120035B51C /* balloons1.jpeg in Resources */,
				2673A31619EA66120035B51C /* balloons5.jpg in Resources */,
				2673A31A19EA66120035B51C /* balloons9.jpg in Resources */,
			);
			runOnlyForDeploymentPostprocessing = 0;
		};
		2673A2FA19EA60F80035B51C /* Resources */ = {
			isa = PBXResourcesBuildPhase;
			buildActionMask = 2147483647;
			files = (
			);
			runOnlyForDeploymentPostprocessing = 0;
		};
/* End PBXResourcesBuildPhase section */

/* Begin PBXSourcesBuildPhase section */
		2673A2E319EA60F80035B51C /* Sources */ = {
			isa = PBXSourcesBuildPhase;
			buildActionMask = 2147483647;
			files = (
				2673A2EF19EA60F80035B51C /* ViewController.swift in Sources */,
				2673A2ED19EA60F80035B51C /* AppDelegate.swift in Sources */,
				2673A32219EA699A0035B51C /* Balloons.swift in Sources */,
			);
			runOnlyForDeploymentPostprocessing = 0;
		};
		2673A2F819EA60F80035B51C /* Sources */ = {
			isa = PBXSourcesBuildPhase;
			buildActionMask = 2147483647;
			files = (
				2673A30319EA60F80035B51C /* _9BalloonsTests.swift in Sources */,
			);
			runOnlyForDeploymentPostprocessing = 0;
		};
/* End PBXSourcesBuildPhase section */

/* Begin PBXTargetDependency section */
		2673A2FE19EA60F80035B51C /* PBXTargetDependency */ = {
			isa = PBXTargetDependency;
			target = 2673A2E619EA60F80035B51C /* 99Balloons */;
			targetProxy = 2673A2FD19EA60F80035B51C /* PBXContainerItemProxy */;
		};
/* End PBXTargetDependency section */

/* Begin PBXVariantGroup section */
		2673A2F019EA60F80035B51C /* Main.storyboard */ = {
			isa = PBXVariantGroup;
			children = (
				2673A2F119EA60F80035B51C /* Base */,
			);
			name = Main.storyboard;
			sourceTree = "<group>";
		};
		2673A2F519EA60F80035B51C /* LaunchScreen.xib */ = {
			isa = PBXVariantGroup;
			children = (
				2673A2F619EA60F80035B51C /* Base */,
			);
			name = LaunchScreen.xib;
			sourceTree = "<group>";
		};
/* End PBXVariantGroup section */

/* Begin XCBuildConfiguration section */
		2673A30419EA60F80035B51C /* Debug */ = {
			isa = XCBuildConfiguration;
			buildSettings = {
				ALWAYS_SEARCH_USER_PATHS = NO;
				CLANG_CXX_LANGUAGE_STANDARD = "gnu++0x";
				CLANG_CXX_LIBRARY = "libc++";
				CLANG_ENABLE_MODULES = YES;
				CLANG_ENABLE_OBJC_ARC = YES;
				CLANG_WARN_BOOL_CONVERSION = YES;
				CLANG_WARN_CONSTANT_CONVERSION = YES;
				CLANG_WARN_DIRECT_OBJC_ISA_USAGE = YES_ERROR;
				CLANG_WARN_EMPTY_BODY = YES;
				CLANG_WARN_ENUM_CONVERSION = YES;
				CLANG_WARN_INT_CONVERSION = YES;
				CLANG_WARN_OBJC_ROOT_CLASS = YES_ERROR;
				CLANG_WARN_UNREACHABLE_CODE = YES;
				CLANG_WARN__DUPLICATE_METHOD_MATCH = YES;
				"CODE_SIGN_IDENTITY[sdk=iphoneos*]" = "iPhone Developer";
				COPY_PHASE_STRIP = NO;
				ENABLE_STRICT_OBJC_MSGSEND = YES;
				GCC_C_LANGUAGE_STANDARD = gnu99;
				GCC_DYNAMIC_NO_PIC = NO;
				GCC_OPTIMIZATION_LEVEL = 0;
				GCC_PREPROCESSOR_DEFINITIONS = (
					"DEBUG=1",
					"$(inherited)",
				);
				GCC_SYMBOLS_PRIVATE_EXTERN = NO;
				GCC_WARN_64_TO_32_BIT_CONVERSION = YES;
				GCC_WARN_ABOUT_RETURN_TYPE = YES_ERROR;
				GCC_WARN_UNDECLARED_SELECTOR = YES;
				GCC_WARN_UNINITIALIZED_AUTOS = YES_AGGRESSIVE;
				GCC_WARN_UNUSED_FUNCTION = YES;
				GCC_WARN_UNUSED_VARIABLE = YES;
				IPHONEOS_DEPLOYMENT_TARGET = 8.0;
				MTL_ENABLE_DEBUG_INFO = YES;
				ONLY_ACTIVE_ARCH = YES;
				SDKROOT = iphoneos;
				SWIFT_OPTIMIZATION_LEVEL = "-Onone";
			};
			name = Debug;
		};
		2673A30519EA60F80035B51C /* Release */ = {
			isa = XCBuildConfiguration;
			buildSettings = {
				ALWAYS_SEARCH_USER_PATHS = NO;
				CLANG_CXX_LANGUAGE_STANDARD = "gnu++0x";
				CLANG_CXX_LIBRARY = "libc++";
				CLANG_ENABLE_MODULES = YES;
				CLANG_ENABLE_OBJC_ARC = YES;
				CLANG_WARN_BOOL_CONVERSION = YES;
				CLANG_WARN_CONSTANT_CONVERSION = YES;
				CLANG_WARN_DIRECT_OBJC_ISA_USAGE = YES_ERROR;
				CLANG_WARN_EMPTY_BODY = YES;
				CLANG_WARN_ENUM_CONVERSION = YES;
				CLANG_WARN_INT_CONVERSION = YES;
				CLANG_WARN_OBJC_ROOT_CLASS = YES_ERROR;
				CLANG_WARN_UNREACHABLE_CODE = YES;
				CLANG_WARN__DUPLICATE_METHOD_MATCH = YES;
				"CODE_SIGN_IDENTITY[sdk=iphoneos*]" = "iPhone Developer";
				COPY_PHASE_STRIP = YES;
				ENABLE_NS_ASSERTIONS = NO;
				ENABLE_STRICT_OBJC_MSGSEND = YES;
				GCC_C_LANGUAGE_STANDARD = gnu99;
				GCC_WARN_64_TO_32_BIT_CONVERSION = YES;
				GCC_WARN_ABOUT_RETURN_TYPE = YES_ERROR;
				GCC_WARN_UNDECLARED_SELECTOR = YES;
				GCC_WARN_UNINITIALIZED_AUTOS = YES_AGGRESSIVE;
				GCC_WARN_UNUSED_FUNCTION = YES;
				GCC_WARN_UNUSED_VARIABLE = YES;
				IPHONEOS_DEPLOYMENT_TARGET = 8.0;
				MTL_ENABLE_DEBUG_INFO = NO;
				SDKROOT = iphoneos;
				VALIDATE_PRODUCT = YES;
			};
			name = Release;
		};
		2673A30719EA60F80035B51C /* Debug */ = {
			isa = XCBuildConfiguration;
			buildSettings = {
				ASSETCATALOG_COMPILER_APPICON_NAME = AppIcon;
				INFOPLIST_FILE = 99Balloons/Info.plist;
				LD_RUNPATH_SEARCH_PATHS = "$(inherited) @executable_path/Frameworks";
				PRODUCT_NAME = "$(TARGET_NAME)";
			};
			name = Debug;
		};
		2673A30819EA60F80035B51C /* Release */ = {
			isa = XCBuildConfiguration;
			buildSettings = {
				ASSETCATALOG_COMPILER_APPICON_NAME = AppIcon;
				INFOPLIST_FILE = 99Balloons/Info.plist;
				LD_RUNPATH_SEARCH_PATHS = "$(inherited) @executable_path/Frameworks";
				PRODUCT_NAME = "$(TARGET_NAME)";
			};
			name = Release;
		};
		2673A30A19EA60F80035B51C /* Debug */ = {
			isa = XCBuildConfiguration;
			buildSettings = {
				BUNDLE_LOADER = "$(TEST_HOST)";
				FRAMEWORK_SEARCH_PATHS = (
					"$(SDKROOT)/Developer/Library/Frameworks",
					"$(inherited)",
				);
				GCC_PREPROCESSOR_DEFINITIONS = (
					"DEBUG=1",
					"$(inherited)",
				);
				INFOPLIST_FILE = 99BalloonsTests/Info.plist;
				LD_RUNPATH_SEARCH_PATHS = "$(inherited) @executable_path/Frameworks @loader_path/Frameworks";
				PRODUCT_NAME = "$(TARGET_NAME)";
				TEST_HOST = "$(BUILT_PRODUCTS_DIR)/99Balloons.app/99Balloons";
			};
			name = Debug;
		};
		2673A30B19EA60F80035B51C /* Release */ = {
			isa = XCBuildConfiguration;
			buildSettings = {
				BUNDLE_LOADER = "$(TEST_HOST)";
				FRAMEWORK_SEARCH_PATHS = (
					"$(SDKROOT)/Developer/Library/Frameworks",
					"$(inherited)",
				);
				INFOPLIST_FILE = 99BalloonsTests/Info.plist;
				LD_RUNPATH_SEARCH_PATHS = "$(inherited) @executable_path/Frameworks @loader_path/Frameworks";
				PRODUCT_NAME = "$(TARGET_NAME)";
				TEST_HOST = "$(BUILT_PRODUCTS_DIR)/99Balloons.app/99Balloons";
			};
			name = Release;
		};
/* End XCBuildConfiguration section */

/* Begin XCConfigurationList section */
		2673A2E219EA60F80035B51C /* Build configuration list for PBXProject "99Balloons" */ = {
			isa = XCConfigurationList;
			buildConfigurations = (
				2673A30419EA60F80035B51C /* Debug */,
				2673A30519EA60F80035B51C /* Release */,
			);
			defaultConfigurationIsVisible = 0;
			defaultConfigurationName = Release;
		};
		2673A30619EA60F80035B51C /* Build configuration list for PBXNativeTarget "99Balloons" */ = {
			isa = XCConfigurationList;
			buildConfigurations = (
				2673A30719EA60F80035B51C /* Debug */,
				2673A30819EA60F80035B51C /* Release */,
			);
			defaultConfigurationIsVisible = 0;
		};
		2673A30919EA60F80035B51C /* Build configuration list for PBXNativeTarget "99BalloonsTests" */ = {
			isa = XCConfigurationList;
			buildConfigurations = (
				2673A30A19EA60F80035B51C /* Debug */,
				2673A30B19EA60F80035B51C /* Release */,
			);
			defaultConfigurationIsVisible = 0;
		};
/* End XCConfigurationList section */
	};
	rootObject = 2673A2DF19EA60F80035B51C /* Project object */;
}
